PODS:
  - Alamofire (5.6.4)
  - ZactApiServicesFramework (0.0.1):
    - Alamofire (~> 5.6)

DEPENDENCIES:
  - ZactApiServicesFramework (from `../`)

SPEC REPOS:
  trunk:
    - Alamofire

EXTERNAL SOURCES:
  ZactApiServicesFramework:
    :path: "../"

SPEC CHECKSUMS:
  Alamofire: 4e95d97098eacb88856099c4fc79b526a299e48c
  ZactApiServicesFramework: 935552a30d2ea5975e5dc541b4d0f0767f3eb192

PODFILE CHECKSUM: 313573baf35d33ccd25b2784fc82cf4ca0f86cb0

COCOAPODS: 1.12.0
