// !$*UTF8*$!
{
	archiveVersion = 1;
	classes = {
	};
	objectVersion = 56;
	objects = {

/* Begin PBXBuildFile section */
		4D050BDF9135E83E2DDFD436 /* Pods_ZactApiServicesFramework.framework in Frameworks */ = {isa = PBXBuildFile; fileRef = CDEC55339C143CDA6701EE9F /* Pods_ZactApiServicesFramework.framework */; };
		5693795C29E59A91004F8CA2 /* ZactApiServicesFramework.docc in Sources */ = {isa = PBXBuildFile; fileRef = 5693795B29E59A91004F8CA2 /* ZactApiServicesFramework.docc */; };
		5693795D29E59A91004F8CA2 /* ZactApiServicesFramework.h in Headers */ = {isa = PBXBuildFile; fileRef = 5693795A29E59A91004F8CA2 /* ZactApiServicesFramework.h */; settings = {ATTRIBUTES = (Public, ); }; };
		5693798629E59BF6004F8CA2 /* ApiServices.swift in Sources */ = {isa = PBXBuildFile; fileRef = 5693798529E59BF6004F8CA2 /* ApiServices.swift */; };
		569379AB29E59E91004F8CA2 /* ZactApiServiceManager.swift in Sources */ = {isa = PBXBuildFile; fileRef = 5693798829E59E8F004F8CA2 /* ZactApiServiceManager.swift */; };
		569379AC29E59E91004F8CA2 /* ExpenseApiServices.swift in Sources */ = {isa = PBXBuildFile; fileRef = 5693798929E59E8F004F8CA2 /* ExpenseApiServices.swift */; };
		569379AD29E59E91004F8CA2 /* FrameworkManager.swift in Sources */ = {isa = PBXBuildFile; fileRef = 5693798A29E59E8F004F8CA2 /* FrameworkManager.swift */; };
		569379AE29E59E91004F8CA2 /* ZactExpenseReceipts.swift in Sources */ = {isa = PBXBuildFile; fileRef = 5693798D29E59E90004F8CA2 /* ZactExpenseReceipts.swift */; };
		569379AF29E59E91004F8CA2 /* ZactOwner.swift in Sources */ = {isa = PBXBuildFile; fileRef = 5693798E29E59E90004F8CA2 /* ZactOwner.swift */; };
		569379B029E59E91004F8CA2 /* ZactAddress.swift in Sources */ = {isa = PBXBuildFile; fileRef = 5693798F29E59E90004F8CA2 /* ZactAddress.swift */; };
		569379B129E59E91004F8CA2 /* ZactRefundedExpense.swift in Sources */ = {isa = PBXBuildFile; fileRef = 5693799029E59E90004F8CA2 /* ZactRefundedExpense.swift */; };
		569379B229E59E91004F8CA2 /* ZactApprovalItem.swift in Sources */ = {isa = PBXBuildFile; fileRef = 5693799129E59E90004F8CA2 /* ZactApprovalItem.swift */; };
		569379B329E59E91004F8CA2 /* ZactRefund.swift in Sources */ = {isa = PBXBuildFile; fileRef = 5693799229E59E90004F8CA2 /* ZactRefund.swift */; };
		569379B429E59E91004F8CA2 /* ZactAllocation.swift in Sources */ = {isa = PBXBuildFile; fileRef = 5693799329E59E90004F8CA2 /* ZactAllocation.swift */; };
		569379B529E59E91004F8CA2 /* ZactExpensesResponse.swift in Sources */ = {isa = PBXBuildFile; fileRef = 5693799429E59E90004F8CA2 /* ZactExpensesResponse.swift */; };
		569379B629E59E91004F8CA2 /* ZactManager.swift in Sources */ = {isa = PBXBuildFile; fileRef = 5693799529E59E90004F8CA2 /* ZactManager.swift */; };
		569379B729E59E91004F8CA2 /* ZactApprover.swift in Sources */ = {isa = PBXBuildFile; fileRef = 5693799629E59E90004F8CA2 /* ZactApprover.swift */; };
		569379B829E59E91004F8CA2 /* ZactAmountAndTax.swift in Sources */ = {isa = PBXBuildFile; fileRef = 5693799729E59E90004F8CA2 /* ZactAmountAndTax.swift */; };
		569379B929E59E91004F8CA2 /* ZactClaimAmount.swift in Sources */ = {isa = PBXBuildFile; fileRef = 5693799829E59E90004F8CA2 /* ZactClaimAmount.swift */; };
		569379BA29E59E91004F8CA2 /* ZactReceipt.swift in Sources */ = {isa = PBXBuildFile; fileRef = 5693799929E59E90004F8CA2 /* ZactReceipt.swift */; };
		569379BB29E59E91004F8CA2 /* ZactBaseAmount.swift in Sources */ = {isa = PBXBuildFile; fileRef = 5693799A29E59E90004F8CA2 /* ZactBaseAmount.swift */; };
		569379BC29E59E91004F8CA2 /* ZactMerchantRating.swift in Sources */ = {isa = PBXBuildFile; fileRef = 5693799B29E59E90004F8CA2 /* ZactMerchantRating.swift */; };
		569379BD29E59E91004F8CA2 /* ZactExpenseType.swift in Sources */ = {isa = PBXBuildFile; fileRef = 5693799C29E59E90004F8CA2 /* ZactExpenseType.swift */; };
		569379BE29E59E91004F8CA2 /* ZactExpenseItem.swift in Sources */ = {isa = PBXBuildFile; fileRef = 5693799D29E59E90004F8CA2 /* ZactExpenseItem.swift */; };
		569379BF29E59E91004F8CA2 /* ZactExpenseInfo.swift in Sources */ = {isa = PBXBuildFile; fileRef = 5693799E29E59E90004F8CA2 /* ZactExpenseInfo.swift */; };
		569379C029E59E91004F8CA2 /* ZactOrganization.swift in Sources */ = {isa = PBXBuildFile; fileRef = 5693799F29E59E90004F8CA2 /* ZactOrganization.swift */; };
		569379C129E59E91004F8CA2 /* ZactMiles.swift in Sources */ = {isa = PBXBuildFile; fileRef = 569379A029E59E90004F8CA2 /* ZactMiles.swift */; };
		569379C229E59E91004F8CA2 /* ZactProjectEntity.swift in Sources */ = {isa = PBXBuildFile; fileRef = 569379A129E59E90004F8CA2 /* ZactProjectEntity.swift */; };
		569379C329E59E91004F8CA2 /* ZactDistribution.swift in Sources */ = {isa = PBXBuildFile; fileRef = 569379A229E59E90004F8CA2 /* ZactDistribution.swift */; };
		569379C429E59E91004F8CA2 /* ZactRequiredAttributes.swift in Sources */ = {isa = PBXBuildFile; fileRef = 569379A329E59E90004F8CA2 /* ZactRequiredAttributes.swift */; };
		569379C529E59E91004F8CA2 /* ZactRequired.swift in Sources */ = {isa = PBXBuildFile; fileRef = 569379A429E59E90004F8CA2 /* ZactRequired.swift */; };
		569379C629E59E91004F8CA2 /* ZactExpenseTypeCategory.swift in Sources */ = {isa = PBXBuildFile; fileRef = 569379A529E59E90004F8CA2 /* ZactExpenseTypeCategory.swift */; };
		569379C729E59E91004F8CA2 /* ZactRefundDistribution.swift in Sources */ = {isa = PBXBuildFile; fileRef = 569379A629E59E90004F8CA2 /* ZactRefundDistribution.swift */; };
		569379C829E59E91004F8CA2 /* ZactUserInfo.swift in Sources */ = {isa = PBXBuildFile; fileRef = 569379A729E59E90004F8CA2 /* ZactUserInfo.swift */; };
		569379C929E59E91004F8CA2 /* ZactCostCenterEntity.swift in Sources */ = {isa = PBXBuildFile; fileRef = 569379A829E59E90004F8CA2 /* ZactCostCenterEntity.swift */; };
		569379CA29E59E91004F8CA2 /* ZactDistance.swift in Sources */ = {isa = PBXBuildFile; fileRef = 569379A929E59E90004F8CA2 /* ZactDistance.swift */; };
		569379CB29E59E91004F8CA2 /* ShareExtensions.swift in Sources */ = {isa = PBXBuildFile; fileRef = 569379AA29E59E91004F8CA2 /* ShareExtensions.swift */; };
/* End PBXBuildFile section */

/* Begin PBXFileReference section */
		2DD808774EFBAE6FFF41E926 /* Pods-ZactApiServicesFramework.debug.xcconfig */ = {isa = PBXFileReference; includeInIndex = 1; lastKnownFileType = text.xcconfig; name = "Pods-ZactApiServicesFramework.debug.xcconfig"; path = "Target Support Files/Pods-ZactApiServicesFramework/Pods-ZactApiServicesFramework.debug.xcconfig"; sourceTree = "<group>"; };
		5693795729E59A91004F8CA2 /* ZactApiServicesFramework.framework */ = {isa = PBXFileReference; explicitFileType = wrapper.framework; includeInIndex = 0; path = ZactApiServicesFramework.framework; sourceTree = BUILT_PRODUCTS_DIR; };
		5693795A29E59A91004F8CA2 /* ZactApiServicesFramework.h */ = {isa = PBXFileReference; lastKnownFileType = sourcecode.c.h; path = ZactApiServicesFramework.h; sourceTree = "<group>"; };
		5693795B29E59A91004F8CA2 /* ZactApiServicesFramework.docc */ = {isa = PBXFileReference; lastKnownFileType = folder.documentationcatalog; path = ZactApiServicesFramework.docc; sourceTree = "<group>"; };
		5693798529E59BF6004F8CA2 /* ApiServices.swift */ = {isa = PBXFileReference; fileEncoding = 4; lastKnownFileType = sourcecode.swift; path = ApiServices.swift; sourceTree = "<group>"; };
		5693798829E59E8F004F8CA2 /* ZactApiServiceManager.swift */ = {isa = PBXFileReference; fileEncoding = 4; lastKnownFileType = sourcecode.swift; path = ZactApiServiceManager.swift; sourceTree = "<group>"; };
		5693798929E59E8F004F8CA2 /* ExpenseApiServices.swift */ = {isa = PBXFileReference; fileEncoding = 4; lastKnownFileType = sourcecode.swift; path = ExpenseApiServices.swift; sourceTree = "<group>"; };
		5693798A29E59E8F004F8CA2 /* FrameworkManager.swift */ = {isa = PBXFileReference; fileEncoding = 4; lastKnownFileType = sourcecode.swift; path = FrameworkManager.swift; sourceTree = "<group>"; };
		5693798D29E59E90004F8CA2 /* ZactExpenseReceipts.swift */ = {isa = PBXFileReference; fileEncoding = 4; lastKnownFileType = sourcecode.swift; path = ZactExpenseReceipts.swift; sourceTree = "<group>"; };
		5693798E29E59E90004F8CA2 /* ZactOwner.swift */ = {isa = PBXFileReference; fileEncoding = 4; lastKnownFileType = sourcecode.swift; path = ZactOwner.swift; sourceTree = "<group>"; };
		5693798F29E59E90004F8CA2 /* ZactAddress.swift */ = {isa = PBXFileReference; fileEncoding = 4; lastKnownFileType = sourcecode.swift; path = ZactAddress.swift; sourceTree = "<group>"; };
		5693799029E59E90004F8CA2 /* ZactRefundedExpense.swift */ = {isa = PBXFileReference; fileEncoding = 4; lastKnownFileType = sourcecode.swift; path = ZactRefundedExpense.swift; sourceTree = "<group>"; };
		5693799129E59E90004F8CA2 /* ZactApprovalItem.swift */ = {isa = PBXFileReference; fileEncoding = 4; lastKnownFileType = sourcecode.swift; path = ZactApprovalItem.swift; sourceTree = "<group>"; };
		5693799229E59E90004F8CA2 /* ZactRefund.swift */ = {isa = PBXFileReference; fileEncoding = 4; lastKnownFileType = sourcecode.swift; path = ZactRefund.swift; sourceTree = "<group>"; };
		5693799329E59E90004F8CA2 /* ZactAllocation.swift */ = {isa = PBXFileReference; fileEncoding = 4; lastKnownFileType = sourcecode.swift; path = ZactAllocation.swift; sourceTree = "<group>"; };
		5693799429E59E90004F8CA2 /* ZactExpensesResponse.swift */ = {isa = PBXFileReference; fileEncoding = 4; lastKnownFileType = sourcecode.swift; path = ZactExpensesResponse.swift; sourceTree = "<group>"; };
		5693799529E59E90004F8CA2 /* ZactManager.swift */ = {isa = PBXFileReference; fileEncoding = 4; lastKnownFileType = sourcecode.swift; path = ZactManager.swift; sourceTree = "<group>"; };
		5693799629E59E90004F8CA2 /* ZactApprover.swift */ = {isa = PBXFileReference; fileEncoding = 4; lastKnownFileType = sourcecode.swift; path = ZactApprover.swift; sourceTree = "<group>"; };
		5693799729E59E90004F8CA2 /* ZactAmountAndTax.swift */ = {isa = PBXFileReference; fileEncoding = 4; lastKnownFileType = sourcecode.swift; path = ZactAmountAndTax.swift; sourceTree = "<group>"; };
		5693799829E59E90004F8CA2 /* ZactClaimAmount.swift */ = {isa = PBXFileReference; fileEncoding = 4; lastKnownFileType = sourcecode.swift; path = ZactClaimAmount.swift; sourceTree = "<group>"; };
		5693799929E59E90004F8CA2 /* ZactReceipt.swift */ = {isa = PBXFileReference; fileEncoding = 4; lastKnownFileType = sourcecode.swift; path = ZactReceipt.swift; sourceTree = "<group>"; };
		5693799A29E59E90004F8CA2 /* ZactBaseAmount.swift */ = {isa = PBXFileReference; fileEncoding = 4; lastKnownFileType = sourcecode.swift; path = ZactBaseAmount.swift; sourceTree = "<group>"; };
		5693799B29E59E90004F8CA2 /* ZactMerchantRating.swift */ = {isa = PBXFileReference; fileEncoding = 4; lastKnownFileType = sourcecode.swift; path = ZactMerchantRating.swift; sourceTree = "<group>"; };
		5693799C29E59E90004F8CA2 /* ZactExpenseType.swift */ = {isa = PBXFileReference; fileEncoding = 4; lastKnownFileType = sourcecode.swift; path = ZactExpenseType.swift; sourceTree = "<group>"; };
		5693799D29E59E90004F8CA2 /* ZactExpenseItem.swift */ = {isa = PBXFileReference; fileEncoding = 4; lastKnownFileType = sourcecode.swift; path = ZactExpenseItem.swift; sourceTree = "<group>"; };
		5693799E29E59E90004F8CA2 /* ZactExpenseInfo.swift */ = {isa = PBXFileReference; fileEncoding = 4; lastKnownFileType = sourcecode.swift; path = ZactExpenseInfo.swift; sourceTree = "<group>"; };
		5693799F29E59E90004F8CA2 /* ZactOrganization.swift */ = {isa = PBXFileReference; fileEncoding = 4; lastKnownFileType = sourcecode.swift; path = ZactOrganization.swift; sourceTree = "<group>"; };
		569379A029E59E90004F8CA2 /* ZactMiles.swift */ = {isa = PBXFileReference; fileEncoding = 4; lastKnownFileType = sourcecode.swift; path = ZactMiles.swift; sourceTree = "<group>"; };
		569379A129E59E90004F8CA2 /* ZactProjectEntity.swift */ = {isa = PBXFileReference; fileEncoding = 4; lastKnownFileType = sourcecode.swift; path = ZactProjectEntity.swift; sourceTree = "<group>"; };
		569379A229E59E90004F8CA2 /* ZactDistribution.swift */ = {isa = PBXFileReference; fileEncoding = 4; lastKnownFileType = sourcecode.swift; path = ZactDistribution.swift; sourceTree = "<group>"; };
		569379A329E59E90004F8CA2 /* ZactRequiredAttributes.swift */ = {isa = PBXFileReference; fileEncoding = 4; lastKnownFileType = sourcecode.swift; path = ZactRequiredAttributes.swift; sourceTree = "<group>"; };
		569379A429E59E90004F8CA2 /* ZactRequired.swift */ = {isa = PBXFileReference; fileEncoding = 4; lastKnownFileType = sourcecode.swift; path = ZactRequired.swift; sourceTree = "<group>"; };
		569379A529E59E90004F8CA2 /* ZactExpenseTypeCategory.swift */ = {isa = PBXFileReference; fileEncoding = 4; lastKnownFileType = sourcecode.swift; path = ZactExpenseTypeCategory.swift; sourceTree = "<group>"; };
		569379A629E59E90004F8CA2 /* ZactRefundDistribution.swift */ = {isa = PBXFileReference; fileEncoding = 4; lastKnownFileType = sourcecode.swift; path = ZactRefundDistribution.swift; sourceTree = "<group>"; };
		569379A729E59E90004F8CA2 /* ZactUserInfo.swift */ = {isa = PBXFileReference; fileEncoding = 4; lastKnownFileType = sourcecode.swift; path = ZactUserInfo.swift; sourceTree = "<group>"; };
		569379A829E59E90004F8CA2 /* ZactCostCenterEntity.swift */ = {isa = PBXFileReference; fileEncoding = 4; lastKnownFileType = sourcecode.swift; path = ZactCostCenterEntity.swift; sourceTree = "<group>"; };
		569379A929E59E90004F8CA2 /* ZactDistance.swift */ = {isa = PBXFileReference; fileEncoding = 4; lastKnownFileType = sourcecode.swift; path = ZactDistance.swift; sourceTree = "<group>"; };
		569379AA29E59E91004F8CA2 /* ShareExtensions.swift */ = {isa = PBXFileReference; fileEncoding = 4; lastKnownFileType = sourcecode.swift; path = ShareExtensions.swift; sourceTree = "<group>"; };
		CDEC55339C143CDA6701EE9F /* Pods_ZactApiServicesFramework.framework */ = {isa = PBXFileReference; explicitFileType = wrapper.framework; includeInIndex = 0; path = Pods_ZactApiServicesFramework.framework; sourceTree = BUILT_PRODUCTS_DIR; };
		EB66B26C918A36239E734676 /* Pods-ZactApiServicesFramework.release.xcconfig */ = {isa = PBXFileReference; includeInIndex = 1; lastKnownFileType = text.xcconfig; name = "Pods-ZactApiServicesFramework.release.xcconfig"; path = "Target Support Files/Pods-ZactApiServicesFramework/Pods-ZactApiServicesFramework.release.xcconfig"; sourceTree = "<group>"; };
/* End PBXFileReference section */

/* Begin PBXFrameworksBuildPhase section */
		5693795429E59A91004F8CA2 /* Frameworks */ = {
			isa = PBXFrameworksBuildPhase;
			buildActionMask = 2147483647;
			files = (
				4D050BDF9135E83E2DDFD436 /* Pods_ZactApiServicesFramework.framework in Frameworks */,
			);
			runOnlyForDeploymentPostprocessing = 0;
		};
/* End PBXFrameworksBuildPhase section */

/* Begin PBXGroup section */
		03749F2C1BFDC8F6BFE02571 /* Pods */ = {
			isa = PBXGroup;
			children = (
				2DD808774EFBAE6FFF41E926 /* Pods-ZactApiServicesFramework.debug.xcconfig */,
				EB66B26C918A36239E734676 /* Pods-ZactApiServicesFramework.release.xcconfig */,
			);
			name = Pods;
			path = Pods;
			sourceTree = "<group>";
		};
		141557C42E77145B299303D9 /* Frameworks */ = {
			isa = PBXGroup;
			children = (
				CDEC55339C143CDA6701EE9F /* Pods_ZactApiServicesFramework.framework */,
			);
			name = Frameworks;
			sourceTree = "<group>";
		};
		5693794D29E59A91004F8CA2 = {
			isa = PBXGroup;
			children = (
				5693795929E59A91004F8CA2 /* ZactApiServicesFramework */,
				5693795829E59A91004F8CA2 /* Products */,
				03749F2C1BFDC8F6BFE02571 /* Pods */,
				141557C42E77145B299303D9 /* Frameworks */,
			);
			sourceTree = "<group>";
		};
		5693795829E59A91004F8CA2 /* Products */ = {
			isa = PBXGroup;
			children = (
				5693795729E59A91004F8CA2 /* ZactApiServicesFramework.framework */,
			);
			name = Products;
			sourceTree = "<group>";
		};
		5693795929E59A91004F8CA2 /* ZactApiServicesFramework */ = {
			isa = PBXGroup;
			children = (
				5693798429E59B69004F8CA2 /* SupportingFiles */,
				5693798329E59B62004F8CA2 /* Classes */,
				5693795B29E59A91004F8CA2 /* ZactApiServicesFramework.docc */,
			);
			path = ZactApiServicesFramework;
			sourceTree = "<group>";
		};
		5693798329E59B62004F8CA2 /* Classes */ = {
			isa = PBXGroup;
			children = (
				5693798529E59BF6004F8CA2 /* ApiServices.swift */,
				5693798A29E59E8F004F8CA2 /* FrameworkManager.swift */,
				5693798B29E59E90004F8CA2 /* Model */,
				5693798729E59E8F004F8CA2 /* Services */,
				569379AA29E59E91004F8CA2 /* ShareExtensions.swift */,
			);
			path = Classes;
			sourceTree = "<group>";
		};
		5693798429E59B69004F8CA2 /* SupportingFiles */ = {
			isa = PBXGroup;
			children = (
				5693795A29E59A91004F8CA2 /* ZactApiServicesFramework.h */,
			);
			path = SupportingFiles;
			sourceTree = "<group>";
		};
		5693798729E59E8F004F8CA2 /* Services */ = {
			isa = PBXGroup;
			children = (
				5693798829E59E8F004F8CA2 /* ZactApiServiceManager.swift */,
				5693798929E59E8F004F8CA2 /* ExpenseApiServices.swift */,
			);
			path = Services;
			sourceTree = "<group>";
		};
		5693798B29E59E90004F8CA2 /* Model */ = {
			isa = PBXGroup;
			children = (
				5693798C29E59E90004F8CA2 /* Expense */,
			);
			path = Model;
			sourceTree = "<group>";
		};
		5693798C29E59E90004F8CA2 /* Expense */ = {
			isa = PBXGroup;
			children = (
				5693798D29E59E90004F8CA2 /* ZactExpenseReceipts.swift */,
				5693798E29E59E90004F8CA2 /* ZactOwner.swift */,
				5693798F29E59E90004F8CA2 /* ZactAddress.swift */,
				5693799029E59E90004F8CA2 /* ZactRefundedExpense.swift */,
				5693799129E59E90004F8CA2 /* ZactApprovalItem.swift */,
				5693799229E59E90004F8CA2 /* ZactRefund.swift */,
				5693799329E59E90004F8CA2 /* ZactAllocation.swift */,
				5693799429E59E90004F8CA2 /* ZactExpensesResponse.swift */,
				5693799529E59E90004F8CA2 /* ZactManager.swift */,
				5693799629E59E90004F8CA2 /* ZactApprover.swift */,
				5693799729E59E90004F8CA2 /* ZactAmountAndTax.swift */,
				5693799829E59E90004F8CA2 /* ZactClaimAmount.swift */,
				5693799929E59E90004F8CA2 /* ZactReceipt.swift */,
				5693799A29E59E90004F8CA2 /* ZactBaseAmount.swift */,
				5693799B29E59E90004F8CA2 /* ZactMerchantRating.swift */,
				5693799C29E59E90004F8CA2 /* ZactExpenseType.swift */,
				5693799D29E59E90004F8CA2 /* ZactExpenseItem.swift */,
				5693799E29E59E90004F8CA2 /* ZactExpenseInfo.swift */,
				5693799F29E59E90004F8CA2 /* ZactOrganization.swift */,
				569379A029E59E90004F8CA2 /* ZactMiles.swift */,
				569379A129E59E90004F8CA2 /* ZactProjectEntity.swift */,
				569379A229E59E90004F8CA2 /* ZactDistribution.swift */,
				569379A329E59E90004F8CA2 /* ZactRequiredAttributes.swift */,
				569379A429E59E90004F8CA2 /* ZactRequired.swift */,
				569379A529E59E90004F8CA2 /* ZactExpenseTypeCategory.swift */,
				569379A629E59E90004F8CA2 /* ZactRefundDistribution.swift */,
				569379A729E59E90004F8CA2 /* ZactUserInfo.swift */,
				569379A829E59E90004F8CA2 /* ZactCostCenterEntity.swift */,
				569379A929E59E90004F8CA2 /* ZactDistance.swift */,
			);
			path = Expense;
			sourceTree = "<group>";
		};
/* End PBXGroup section */

/* Begin PBXHeadersBuildPhase section */
		5693795229E59A91004F8CA2 /* Headers */ = {
			isa = PBXHeadersBuildPhase;
			buildActionMask = 2147483647;
			files = (
				5693795D29E59A91004F8CA2 /* ZactApiServicesFramework.h in Headers */,
			);
			runOnlyForDeploymentPostprocessing = 0;
		};
/* End PBXHeadersBuildPhase section */

/* Begin PBXNativeTarget section */
		5693795629E59A91004F8CA2 /* ZactApiServicesFramework */ = {
			isa = PBXNativeTarget;
			buildConfigurationList = 5693796029E59A91004F8CA2 /* Build configuration list for PBXNativeTarget "ZactApiServicesFramework" */;
			buildPhases = (
				DFD1486DDC81E2EC2B534A4E /* [CP] Check Pods Manifest.lock */,
				5693795229E59A91004F8CA2 /* Headers */,
				5693795329E59A91004F8CA2 /* Sources */,
				5693795429E59A91004F8CA2 /* Frameworks */,
				5693795529E59A91004F8CA2 /* Resources */,
			);
			buildRules = (
			);
			dependencies = (
			);
			name = ZactApiServicesFramework;
			productName = ZactApiServicesFramework;
			productReference = 5693795729E59A91004F8CA2 /* ZactApiServicesFramework.framework */;
			productType = "com.apple.product-type.framework";
		};
/* End PBXNativeTarget section */

/* Begin PBXProject section */
		5693794E29E59A91004F8CA2 /* Project object */ = {
			isa = PBXProject;
			attributes = {
				BuildIndependentTargetsInParallel = 1;
				LastUpgradeCheck = 1420;
				TargetAttributes = {
					5693795629E59A91004F8CA2 = {
						CreatedOnToolsVersion = 14.2;
					};
				};
			};
			buildConfigurationList = 5693795129E59A91004F8CA2 /* Build configuration list for PBXProject "ZactApiServicesFramework" */;
			compatibilityVersion = "Xcode 14.0";
			developmentRegion = en;
			hasScannedForEncodings = 0;
			knownRegions = (
				en,
				Base,
			);
			mainGroup = 5693794D29E59A91004F8CA2;
			productRefGroup = 5693795829E59A91004F8CA2 /* Products */;
			projectDirPath = "";
			projectRoot = "";
			targets = (
				5693795629E59A91004F8CA2 /* ZactApiServicesFramework */,
			);
		};
/* End PBXProject section */

/* Begin PBXResourcesBuildPhase section */
		5693795529E59A91004F8CA2 /* Resources */ = {
			isa = PBXResourcesBuildPhase;
			buildActionMask = 2147483647;
			files = (
			);
			runOnlyForDeploymentPostprocessing = 0;
		};
/* End PBXResourcesBuildPhase section */

/* Begin PBXShellScriptBuildPhase section */
		DFD1486DDC81E2EC2B534A4E /* [CP] Check Pods Manifest.lock */ = {
			isa = PBXShellScriptBuildPhase;
			buildActionMask = 2147483647;
			files = (
			);
			inputFileListPaths = (
			);
			inputPaths = (
				"${PODS_PODFILE_DIR_PATH}/Podfile.lock",
				"${PODS_ROOT}/Manifest.lock",
			);
			name = "[CP] Check Pods Manifest.lock";
			outputFileListPaths = (
			);
			outputPaths = (
				"$(DERIVED_FILE_DIR)/Pods-ZactApiServicesFramework-checkManifestLockResult.txt",
			);
			runOnlyForDeploymentPostprocessing = 0;
			shellPath = /bin/sh;
			shellScript = "diff \"${PODS_PODFILE_DIR_PATH}/Podfile.lock\" \"${PODS_ROOT}/Manifest.lock\" > /dev/null\nif [ $? != 0 ] ; then\n    # print error to STDERR\n    echo \"error: The sandbox is not in sync with the Podfile.lock. Run 'pod install' or update your CocoaPods installation.\" >&2\n    exit 1\nfi\n# This output is used by Xcode 'outputs' to avoid re-running this script phase.\necho \"SUCCESS\" > \"${SCRIPT_OUTPUT_FILE_0}\"\n";
			showEnvVarsInLog = 0;
		};
/* End PBXShellScriptBuildPhase section */

/* Begin PBXSourcesBuildPhase section */
		5693795329E59A91004F8CA2 /* Sources */ = {
			isa = PBXSourcesBuildPhase;
			buildActionMask = 2147483647;
			files = (
				569379C029E59E91004F8CA2 /* ZactOrganization.swift in Sources */,
				569379B529E59E91004F8CA2 /* ZactExpensesResponse.swift in Sources */,
				5693798629E59BF6004F8CA2 /* ApiServices.swift in Sources */,
				569379B329E59E91004F8CA2 /* ZactRefund.swift in Sources */,
				569379B629E59E91004F8CA2 /* ZactManager.swift in Sources */,
				569379B229E59E91004F8CA2 /* ZactApprovalItem.swift in Sources */,
				569379CA29E59E91004F8CA2 /* ZactDistance.swift in Sources */,
				569379C229E59E91004F8CA2 /* ZactProjectEntity.swift in Sources */,
				569379AE29E59E91004F8CA2 /* ZactExpenseReceipts.swift in Sources */,
				569379AC29E59E91004F8CA2 /* ExpenseApiServices.swift in Sources */,
				569379B829E59E91004F8CA2 /* ZactAmountAndTax.swift in Sources */,
				569379C829E59E91004F8CA2 /* ZactUserInfo.swift in Sources */,
				569379B129E59E91004F8CA2 /* ZactRefundedExpense.swift in Sources */,
				569379AF29E59E91004F8CA2 /* ZactOwner.swift in Sources */,
				569379B929E59E91004F8CA2 /* ZactClaimAmount.swift in Sources */,
				569379BE29E59E91004F8CA2 /* ZactExpenseItem.swift in Sources */,
				569379B429E59E91004F8CA2 /* ZactAllocation.swift in Sources */,
				569379BD29E59E91004F8CA2 /* ZactExpenseType.swift in Sources */,
				569379CB29E59E91004F8CA2 /* ShareExtensions.swift in Sources */,
				569379B729E59E91004F8CA2 /* ZactApprover.swift in Sources */,
				569379C529E59E91004F8CA2 /* ZactRequired.swift in Sources */,
				569379B029E59E91004F8CA2 /* ZactAddress.swift in Sources */,
				569379C129E59E91004F8CA2 /* ZactMiles.swift in Sources */,
				569379BA29E59E91004F8CA2 /* ZactReceipt.swift in Sources */,
				569379BB29E59E91004F8CA2 /* ZactBaseAmount.swift in Sources */,
				569379BC29E59E91004F8CA2 /* ZactMerchantRating.swift in Sources */,
				569379C929E59E91004F8CA2 /* ZactCostCenterEntity.swift in Sources */,
				569379C329E59E91004F8CA2 /* ZactDistribution.swift in Sources */,
				569379BF29E59E91004F8CA2 /* ZactExpenseInfo.swift in Sources */,
				5693795C29E59A91004F8CA2 /* ZactApiServicesFramework.docc in Sources */,
				569379C729E59E91004F8CA2 /* ZactRefundDistribution.swift in Sources */,
				569379C429E59E91004F8CA2 /* ZactRequiredAttributes.swift in Sources */,
				569379AB29E59E91004F8CA2 /* ZactApiServiceManager.swift in Sources */,
				569379C629E59E91004F8CA2 /* ZactExpenseTypeCategory.swift in Sources */,
				569379AD29E59E91004F8CA2 /* FrameworkManager.swift in Sources */,
			);
			runOnlyForDeploymentPostprocessing = 0;
		};
/* End PBXSourcesBuildPhase section */

/* Begin XCBuildConfiguration section */
		5693795E29E59A91004F8CA2 /* Debug */ = {
			isa = XCBuildConfiguration;
			buildSettings = {
				ALWAYS_SEARCH_USER_PATHS = NO;
				CLANG_ANALYZER_NONNULL = YES;
				CLANG_ANALYZER_NUMBER_OBJECT_CONVERSION = YES_AGGRESSIVE;
				CLANG_CXX_LANGUAGE_STANDARD = "gnu++20";
				CLANG_ENABLE_MODULES = YES;
				CLANG_ENABLE_OBJC_ARC = YES;
				CLANG_ENABLE_OBJC_WEAK = YES;
				CLANG_WARN_BLOCK_CAPTURE_AUTORELEASING = YES;
				CLANG_WARN_BOOL_CONVERSION = YES;
				CLANG_WARN_COMMA = YES;
				CLANG_WARN_CONSTANT_CONVERSION = YES;
				CLANG_WARN_DEPRECATED_OBJC_IMPLEMENTATIONS = YES;
				CLANG_WARN_DIRECT_OBJC_ISA_USAGE = YES_ERROR;
				CLANG_WARN_DOCUMENTATION_COMMENTS = YES;
				CLANG_WARN_EMPTY_BODY = YES;
				CLANG_WARN_ENUM_CONVERSION = YES;
				CLANG_WARN_INFINITE_RECURSION = YES;
				CLANG_WARN_INT_CONVERSION = YES;
				CLANG_WARN_NON_LITERAL_NULL_CONVERSION = YES;
				CLANG_WARN_OBJC_IMPLICIT_RETAIN_SELF = YES;
				CLANG_WARN_OBJC_LITERAL_CONVERSION = YES;
				CLANG_WARN_OBJC_ROOT_CLASS = YES_ERROR;
				CLANG_WARN_QUOTED_INCLUDE_IN_FRAMEWORK_HEADER = YES;
				CLANG_WARN_RANGE_LOOP_ANALYSIS = YES;
				CLANG_WARN_STRICT_PROTOTYPES = YES;
				CLANG_WARN_SUSPICIOUS_MOVE = YES;
				CLANG_WARN_UNGUARDED_AVAILABILITY = YES_AGGRESSIVE;
				CLANG_WARN_UNREACHABLE_CODE = YES;
				CLANG_WARN__DUPLICATE_METHOD_MATCH = YES;
				COPY_PHASE_STRIP = NO;
				CURRENT_PROJECT_VERSION = 1;
				DEBUG_INFORMATION_FORMAT = dwarf;
				ENABLE_STRICT_OBJC_MSGSEND = YES;
				ENABLE_TESTABILITY = YES;
				GCC_C_LANGUAGE_STANDARD = gnu11;
				GCC_DYNAMIC_NO_PIC = NO;
				GCC_NO_COMMON_BLOCKS = YES;
				GCC_OPTIMIZATION_LEVEL = 0;
				GCC_PREPROCESSOR_DEFINITIONS = (
					"DEBUG=1",
					"$(inherited)",
				);
				GCC_WARN_64_TO_32_BIT_CONVERSION = YES;
				GCC_WARN_ABOUT_RETURN_TYPE = YES_ERROR;
				GCC_WARN_UNDECLARED_SELECTOR = YES;
				GCC_WARN_UNINITIALIZED_AUTOS = YES_AGGRESSIVE;
				GCC_WARN_UNUSED_FUNCTION = YES;
				GCC_WARN_UNUSED_VARIABLE = YES;
				IPHONEOS_DEPLOYMENT_TARGET = 16.2;
				MTL_ENABLE_DEBUG_INFO = INCLUDE_SOURCE;
				MTL_FAST_MATH = YES;
				ONLY_ACTIVE_ARCH = YES;
				SDKROOT = iphoneos;
				SWIFT_ACTIVE_COMPILATION_CONDITIONS = DEBUG;
				SWIFT_OPTIMIZATION_LEVEL = "-Onone";
				VERSIONING_SYSTEM = "apple-generic";
				VERSION_INFO_PREFIX = "";
			};
			name = Debug;
		};
		5693795F29E59A91004F8CA2 /* Release */ = {
			isa = XCBuildConfiguration;
			buildSettings = {
				ALWAYS_SEARCH_USER_PATHS = NO;
				CLANG_ANALYZER_NONNULL = YES;
				CLANG_ANALYZER_NUMBER_OBJECT_CONVERSION = YES_AGGRESSIVE;
				CLANG_CXX_LANGUAGE_STANDARD = "gnu++20";
				CLANG_ENABLE_MODULES = YES;
				CLANG_ENABLE_OBJC_ARC = YES;
				CLANG_ENABLE_OBJC_WEAK = YES;
				CLANG_WARN_BLOCK_CAPTURE_AUTORELEASING = YES;
				CLANG_WARN_BOOL_CONVERSION = YES;
				CLANG_WARN_COMMA = YES;
				CLANG_WARN_CONSTANT_CONVERSION = YES;
				CLANG_WARN_DEPRECATED_OBJC_IMPLEMENTATIONS = YES;
				CLANG_WARN_DIRECT_OBJC_ISA_USAGE = YES_ERROR;
				CLANG_WARN_DOCUMENTATION_COMMENTS = YES;
				CLANG_WARN_EMPTY_BODY = YES;
				CLANG_WARN_ENUM_CONVERSION = YES;
				CLANG_WARN_INFINITE_RECURSION = YES;
				CLANG_WARN_INT_CONVERSION = YES;
				CLANG_WARN_NON_LITERAL_NULL_CONVERSION = YES;
				CLANG_WARN_OBJC_IMPLICIT_RETAIN_SELF = YES;
				CLANG_WARN_OBJC_LITERAL_CONVERSION = YES;
				CLANG_WARN_OBJC_ROOT_CLASS = YES_ERROR;
				CLANG_WARN_QUOTED_INCLUDE_IN_FRAMEWORK_HEADER = YES;
				CLANG_WARN_RANGE_LOOP_ANALYSIS = YES;
				CLANG_WARN_STRICT_PROTOTYPES = YES;
				CLANG_WARN_SUSPICIOUS_MOVE = YES;
				CLANG_WARN_UNGUARDED_AVAILABILITY = YES_AGGRESSIVE;
				CLANG_WARN_UNREACHABLE_CODE = YES;
				CLANG_WARN__DUPLICATE_METHOD_MATCH = YES;
				COPY_PHASE_STRIP = NO;
				CURRENT_PROJECT_VERSION = 1;
				DEBUG_INFORMATION_FORMAT = "dwarf-with-dsym";
				ENABLE_NS_ASSERTIONS = NO;
				ENABLE_STRICT_OBJC_MSGSEND = YES;
				GCC_C_LANGUAGE_STANDARD = gnu11;
				GCC_NO_COMMON_BLOCKS = YES;
				GCC_WARN_64_TO_32_BIT_CONVERSION = YES;
				GCC_WARN_ABOUT_RETURN_TYPE = YES_ERROR;
				GCC_WARN_UNDECLARED_SELECTOR = YES;
				GCC_WARN_UNINITIALIZED_AUTOS = YES_AGGRESSIVE;
				GCC_WARN_UNUSED_FUNCTION = YES;
				GCC_WARN_UNUSED_VARIABLE = YES;
				IPHONEOS_DEPLOYMENT_TARGET = 16.2;
				MTL_ENABLE_DEBUG_INFO = NO;
				MTL_FAST_MATH = YES;
				SDKROOT = iphoneos;
				SWIFT_COMPILATION_MODE = wholemodule;
				SWIFT_OPTIMIZATION_LEVEL = "-O";
				VALIDATE_PRODUCT = YES;
				VERSIONING_SYSTEM = "apple-generic";
				VERSION_INFO_PREFIX = "";
			};
			name = Release;
		};
		5693796129E59A91004F8CA2 /* Debug */ = {
			isa = XCBuildConfiguration;
			baseConfigurationReference = 2DD808774EFBAE6FFF41E926 /* Pods-ZactApiServicesFramework.debug.xcconfig */;
			buildSettings = {
				CODE_SIGN_STYLE = Automatic;
				CURRENT_PROJECT_VERSION = 1;
				DEFINES_MODULE = YES;
				DEVELOPMENT_TEAM = DF2B9B23LQ;
				DYLIB_COMPATIBILITY_VERSION = 1;
				DYLIB_CURRENT_VERSION = 1;
				DYLIB_INSTALL_NAME_BASE = "@rpath";
				GENERATE_INFOPLIST_FILE = YES;
				INFOPLIST_KEY_NSHumanReadableCopyright = "";
				INSTALL_PATH = "$(LOCAL_LIBRARY_DIR)/Frameworks";
				LD_RUNPATH_SEARCH_PATHS = (
					"$(inherited)",
					"@executable_path/Frameworks",
					"@loader_path/Frameworks",
				);
				MARKETING_VERSION = 1.0;
				PRODUCT_BUNDLE_IDENTIFIER = com.sagar.ZactApiServicesFramework;
				PRODUCT_NAME = "$(TARGET_NAME:c99extidentifier)";
				SKIP_INSTALL = YES;
				SWIFT_EMIT_LOC_STRINGS = YES;
				SWIFT_VERSION = 5.0;
				TARGETED_DEVICE_FAMILY = "1,2";
			};
			name = Debug;
		};
		5693796229E59A91004F8CA2 /* Release */ = {
			isa = XCBuildConfiguration;
			baseConfigurationReference = EB66B26C918A36239E734676 /* Pods-ZactApiServicesFramework.release.xcconfig */;
			buildSettings = {
				CODE_SIGN_STYLE = Automatic;
				CURRENT_PROJECT_VERSION = 1;
				DEFINES_MODULE = YES;
				DEVELOPMENT_TEAM = DF2B9B23LQ;
				DYLIB_COMPATIBILITY_VERSION = 1;
				DYLIB_CURRENT_VERSION = 1;
				DYLIB_INSTALL_NAME_BASE = "@rpath";
				GENERATE_INFOPLIST_FILE = YES;
				INFOPLIST_KEY_NSHumanReadableCopyright = "";
				INSTALL_PATH = "$(LOCAL_LIBRARY_DIR)/Frameworks";
				LD_RUNPATH_SEARCH_PATHS = (
					"$(inherited)",
					"@executable_path/Frameworks",
					"@loader_path/Frameworks",
				);
				MARKETING_VERSION = 1.0;
				PRODUCT_BUNDLE_IDENTIFIER = com.sagar.ZactApiServicesFramework;
				PRODUCT_NAME = "$(TARGET_NAME:c99extidentifier)";
				SKIP_INSTALL = YES;
				SWIFT_EMIT_LOC_STRINGS = YES;
				SWIFT_VERSION = 5.0;
				TARGETED_DEVICE_FAMILY = "1,2";
			};
			name = Release;
		};
/* End XCBuildConfiguration section */

/* Begin XCConfigurationList section */
		5693795129E59A91004F8CA2 /* Build configuration list for PBXProject "ZactApiServicesFramework" */ = {
			isa = XCConfigurationList;
			buildConfigurations = (
				5693795E29E59A91004F8CA2 /* Debug */,
				5693795F29E59A91004F8CA2 /* Release */,
			);
			defaultConfigurationIsVisible = 0;
			defaultConfigurationName = Release;
		};
		5693796029E59A91004F8CA2 /* Build configuration list for PBXNativeTarget "ZactApiServicesFramework" */ = {
			isa = XCConfigurationList;
			buildConfigurations = (
				5693796129E59A91004F8CA2 /* Debug */,
				5693796229E59A91004F8CA2 /* Release */,
			);
			defaultConfigurationIsVisible = 0;
			defaultConfigurationName = Release;
		};
/* End XCConfigurationList section */
	};
	rootObject = 5693794E29E59A91004F8CA2 /* Project object */;
}
